
Microsoft Visual Studio Solution File, Format Version 12.00
# Visual Studio 15
VisualStudioVersion = 15.0.26430.16
MinimumVisualStudioVersion = 10.0.40219.1
Project("{FAE04EC0-301F-11D3-BF4B-00C04F79EFBC}") = "HelloWorld", "HelloWorld\HelloWorld.csproj", "{FADB4B37-B5AA-43FB-95ED-59482C1586CE}"
EndProject
Project("{FAE04EC0-301F-11D3-BF4B-00C04F79EFBC}") = "HelloWorld.Tests", "HelloWorld.Tests\HelloWorld.Tests.csproj", "{FB2BFBCC-87F5-46E1-91A6-B5C097309E65}"
EndProject
Project("{FAE04EC0-301F-11D3-BF4B-00C04F79EFBC}") = "HelloWorldAPIConsumer", "HelloWorldAPIConsume\HelloWorldAPIConsumer.csproj", "{E16A309B-E784-4D64-8496-BDECF13BCAB4}"
EndProject
Global
	GlobalSection(SolutionConfigurationPlatforms) = preSolution
		Debug|Any CPU = Debug|Any CPU
		Release|Any CPU = Release|Any CPU
	EndGlobalSection
	GlobalSection(ProjectConfigurationPlatforms) = postSolution
		{FADB4B37-B5AA-43FB-95ED-59482C1586CE}.Debug|Any CPU.ActiveCfg = Debug|Any CPU
		{FADB4B37-B5AA-43FB-95ED-59482C1586CE}.Debug|Any CPU.Build.0 = Debug|Any CPU
		{FADB4B37-B5AA-43FB-95ED-59482C1586CE}.Release|Any CPU.ActiveCfg = Release|Any CPU
		{FADB4B37-B5AA-43FB-95ED-59482C1586CE}.Release|Any CPU.Build.0 = Release|Any CPU
		{FB2BFBCC-87F5-46E1-91A6-B5C097309E65}.Debug|Any CPU.ActiveCfg = Debug|Any CPU
		{FB2BFBCC-87F5-46E1-91A6-B5C097309E65}.Debug|Any CPU.Build.0 = Debug|Any CPU
		{FB2BFBCC-87F5-46E1-91A6-B5C097309E65}.Release|Any CPU.ActiveCfg = Release|Any CPU
		{FB2BFBCC-87F5-46E1-91A6-B5C097309E65}.Release|Any CPU.Build.0 = Release|Any CPU
		{E16A309B-E784-4D64-8496-BDECF13BCAB4}.Debug|Any CPU.ActiveCfg = Debug|Any CPU
		{E16A309B-E784-4D64-8496-BDECF13BCAB4}.Debug|Any CPU.Build.0 = Debug|Any CPU
		{E16A309B-E784-4D64-8496-BDECF13BCAB4}.Release|Any CPU.ActiveCfg = Release|Any CPU
		{E16A309B-E784-4D64-8496-BDECF13BCAB4}.Release|Any CPU.Build.0 = Release|Any CPU
	EndGlobalSection
	GlobalSection(SolutionProperties) = preSolution
		HideSolutionNode = FALSE
	EndGlobalSection
EndGlobal
